
Microsoft Visual Studio Solution File, Format Version 12.00
# Visual Studio 15
Project("{FAE04EC0-301F-11D3-BF4B-00C04F79EFBC}") = "Assembly-CSharp", "Assembly-CSharp.csproj", "{56A97F6E-0244-7065-D819-BBDE896EDDD3}"
EndProject
Project("{FAE04EC0-301F-11D3-BF4B-00C04F79EFBC}") = "Assembly-CSharp-Editor", "Assembly-CSharp-Editor.csproj", "{EAC91F27-CDAD-DB5A-219C-7736D9CB6E84}"
EndProject
Global
	GlobalSection(SolutionConfigurationPlatforms) = preSolution
		Debug|Any CPU = Debug|Any CPU
		Release|Any CPU = Release|Any CPU
	EndGlobalSection
	GlobalSection(ProjectConfigurationPlatforms) = postSolution
		{56A97F6E-0244-7065-D819-BBDE896EDDD3}.Debug|Any CPU.ActiveCfg = Debug|Any CPU
		{56A97F6E-0244-7065-D819-BBDE896EDDD3}.Debug|Any CPU.Build.0 = Debug|Any CPU
		{56A97F6E-0244-7065-D819-BBDE896EDDD3}.Release|Any CPU.ActiveCfg = Release|Any CPU
		{56A97F6E-0244-7065-D819-BBDE896EDDD3}.Release|Any CPU.Build.0 = Release|Any CPU
		{EAC91F27-CDAD-DB5A-219C-7736D9CB6E84}.Debug|Any CPU.ActiveCfg = Debug|Any CPU
		{EAC91F27-CDAD-DB5A-219C-7736D9CB6E84}.Debug|Any CPU.Build.0 = Debug|Any CPU
		{EAC91F27-CDAD-DB5A-219C-7736D9CB6E84}.Release|Any CPU.ActiveCfg = Release|Any CPU
		{EAC91F27-CDAD-DB5A-219C-7736D9CB6E84}.Release|Any CPU.Build.0 = Release|Any CPU
	EndGlobalSection
	GlobalSection(SolutionProperties) = preSolution
		HideSolutionNode = FALSE
	EndGlobalSection
EndGlobal
